
Microsoft Visual Studio Solution File, Format Version 12.00
# Visual Studio Version 16
VisualStudioVersion = 16.0.31702.278
MinimumVisualStudioVersion = 10.0.40219.1
Project("{FAE04EC0-301F-11D3-BF4B-00C04F79EFBC}") = "minecraft", "minecraft.csproj", "{C02B282D-0949-483D-95AC-CC96473564C7}"
EndProject
Global
	GlobalSection(SolutionConfigurationPlatforms) = preSolution
		Debug|Any CPU = Debug|Any CPU
		Release|Any CPU = Release|Any CPU
	EndGlobalSection
	GlobalSection(ProjectConfigurationPlatforms) = postSolution
		{C02B282D-0949-483D-95AC-CC96473564C7}.Debug|Any CPU.ActiveCfg = Debug|Any CPU
		{C02B282D-0949-483D-95AC-CC96473564C7}.Debug|Any CPU.Build.0 = Debug|Any CPU
		{C02B282D-0949-483D-95AC-CC96473564C7}.Release|Any CPU.ActiveCfg = Release|Any CPU
		{C02B282D-0949-483D-95AC-CC96473564C7}.Release|Any CPU.Build.0 = Release|Any CPU
	EndGlobalSection
	GlobalSection(SolutionProperties) = preSolution
		HideSolutionNode = FALSE
	EndGlobalSection
	GlobalSection(ExtensibilityGlobals) = postSolution
		SolutionGuid = {DCE7E2EF-3BEE-4A93-B930-171E1A2B9B18}
	EndGlobalSection
EndGlobal
